schema: '2.0'
stages:
  download:
    cmd: python digits_recognition/experimentation/dataset/download.py --out_path
      ./data/raw/archive.zip --url https://www.kaggle.com/api/v1/datasets/download/hojjatk/mnist-dataset
    deps:
    - path: digits_recognition/experimentation/dataset/download.py
      hash: md5
      md5: 67dac4982b3bc43b43489846a1972f46
      size: 726
      isexec: true
    outs:
    - path: ./data/raw/archive.zip
      hash: md5
      md5: 72a645a3fd2da4fd0adc12c5f38956d0
      size: 23112702
      isexec: true
  extract:
    cmd: python digits_recognition/experimentation/dataset/extract.py --zip_path ./data/raw/archive.zip
      --out_path ./data/interim/unzipped
    deps:
    - path: ./data/raw/archive.zip
      hash: md5
      md5: 72a645a3fd2da4fd0adc12c5f38956d0
      size: 23112702
      isexec: true
    - path: digits_recognition/experimentation/dataset/extract.py
      hash: md5
      md5: 1d4c4f597ee29ba11b60fbc08a02884a
      size: 681
      isexec: true
    outs:
    - path: ./data/interim/unzipped
      hash: md5
      md5: 7e0914f66dbe3c1571a44a806ddc1907.dir
      size: 109900096
      nfiles: 8
  split:
    cmd: python digits_recognition/dataset/split.py -p ./data/interim/unzipped -tr
      ./data/processed/train_set.pkl -ts ./data/processed/test_set.pkl -v ./data/processed/val_set.pkl
      --split_seed 42 --validation_ratio 0.15
    deps:
    - path: ./data/interim/unzipped
      hash: md5
      md5: 7e0914f66dbe3c1571a44a806ddc1907.dir
      size: 109900096
      nfiles: 8
    - path: digits_recognition/dataset/split.py
      hash: md5
      md5: 17d5a96f1faf4fd1926dc0f6dfe8a040
      size: 2818
      isexec: true
    outs:
    - path: ./data/processed/test_set.pkl
      hash: md5
      md5: 5bca9cc2dfb6e121ecb7b9e39759d839
      size: 7850211
      isexec: true
    - path: ./data/processed/train_set.pkl
      hash: md5
      md5: 28354a357efaad41363ae691aa5575a6
      size: 40035211
      isexec: true
    - path: ./data/processed/val_set.pkl
      hash: md5
      md5: e7b6281b2cbe1c052ab286b3c8837342
      size: 7065211
      isexec: true
  train:
    cmd: python digits_recognition/experimentation/modeling/train.py --train_set_path
      ./data/processed/train_set.pkl --val_set_path ./data/processed/val_set.pkl --model_path
      ./models/digit_classifier.pth --patience 20 --epochs 100 --learning_rate 0.001
      --weight_decay 0.0005 --random_seed 42 --batch_size 64 --polynomial_scheduler_power
      1.0 --image_width 28 --image_height 28 --image_channels 1 --classes 10 --repo_owner
      GianmarcoTurchiano --repo_name Digits-Recognition --experiment_name "Modified
      LeNet-5 model" --emissions_path emissions.csv
    deps:
    - path: ./data/processed/train_set.pkl
      hash: md5
      md5: 2a97b411fe72d1386b48508969223915
      size: 40035210
      isexec: true
    - path: ./data/processed/val_set.pkl
      hash: md5
      md5: b31eca6472d10a99665d3ddcf1e4cdab
      size: 7065210
      isexec: true
    - path: digits_recognition/experimentation/modeling/classifier.py
      hash: md5
      md5: 2c9d663510d98e959e8bd516ff5a67fe
      size: 2637
      isexec: true
    - path: digits_recognition/experimentation/modeling/train.py
      hash: md5
      md5: 1f78482d1809c0ada5af1ef6ae4ed78f
      size: 7776
      isexec: true
    outs:
    - path: ./models/digit_classifier.pth
      hash: md5
      md5: 2b7135045347b0f6c27e96d91e3ea9fa
      size: 1107382
      isexec: true
  evaluate:
    cmd: python digits_recognition/experimentation/modeling/evaluate.py --test_set_path
      ./data/processed/test_set.pkl --model_path ./models/digit_classifier.pth --batch_size
      64 --image_width 28 --image_height 28 --image_channels 1 --classes 10 --repo_owner
      GianmarcoTurchiano --repo_name Digits-Recognition --experiment_name "Modified
      LeNet-5 model" --emissions_path emissions.csv
    deps:
    - path: ./data/processed/test_set.pkl
      hash: md5
      md5: 327e8a7a17a60d38be990cdb0ea50b79
      size: 7850210
      isexec: true
    - path: ./models/digit_classifier.pth
      hash: md5
      md5: 2b7135045347b0f6c27e96d91e3ea9fa
      size: 1107382
      isexec: true
  convert:
    cmd: python digits_recognition/experimentation/dataset/convert.py --path ./data/interim/unzipped
      --train_set_path ./data/interim/train_set.pkl --test_set_path ./data/processed/test_set.pkl
    deps:
    - path: ./data/interim/unzipped
      hash: md5
      md5: 7e0914f66dbe3c1571a44a806ddc1907.dir
      size: 109900096
      nfiles: 8
    - path: digits_recognition/experimentation/dataset/convert.py
      hash: md5
      md5: 956d56968cc3aa25bbe411b5be0e8206
      size: 967
      isexec: true
    outs:
    - path: ./data/interim/train_set.pkl
      hash: md5
      md5: 8c5e985077b51b619a191a2392800055
      size: 47100210
      isexec: true
    - path: ./data/processed/test_set.pkl
      hash: md5
      md5: 327e8a7a17a60d38be990cdb0ea50b79
      size: 7850210
      isexec: true
  validation_split:
    cmd: python digits_recognition/experimentation/dataset/validation_split.py --dataset_path
      ./data/interim/train_set.pkl --train_set_path ./data/processed/train_set.pkl
      --val_set_path ./data/processed/val_set.pkl --split_seed 42 --validation_ratio
      0.15
    deps:
    - path: ./data/interim/train_set.pkl
      hash: md5
      md5: 8c5e985077b51b619a191a2392800055
      size: 47100210
      isexec: true
    - path: digits_recognition/experimentation/dataset/validation_split.py
      hash: md5
      md5: a19e010bf2ab4d128cd29776d08f330a
      size: 1179
      isexec: true
    outs:
    - path: ./data/processed/train_set.pkl
      hash: md5
      md5: 2a97b411fe72d1386b48508969223915
      size: 40035210
      isexec: true
    - path: ./data/processed/val_set.pkl
      hash: md5
      md5: b31eca6472d10a99665d3ddcf1e4cdab
      size: 7065210
      isexec: true
  check:
    cmd: python digits_recognition/experimentation/dataset/check.py --path ./data/interim/unzipped
      --image_width 28 --image_height 28 --classes 10
    deps:
    - path: ./data/interim/unzipped
      hash: md5
      md5: 7e0914f66dbe3c1571a44a806ddc1907.dir
      size: 109900096
      nfiles: 8
    - path: digits_recognition/experimentation/dataset/check.py
      hash: md5
      md5: dd1205c645fcb42fe7169314bbfeffdc
      size: 2076
      isexec: true
    - path: digits_recognition/experimentation/dataset/load_ubyte_data.py
      hash: md5
      md5: 562f9b06534c75ebc663ff63d6629f2d
      size: 1535
      isexec: true
  test_behavior:
    cmd: python -m pytest digits_recognition/experimentation/modeling/behavioral_tests/
    deps:
    - path: ./data/processed/test_set.pkl
      hash: md5
      md5: 327e8a7a17a60d38be990cdb0ea50b79
      size: 7850210
      isexec: true
    - path: ./models/digit_classifier.pth
      hash: md5
      md5: 7393333448999df9537ec503ee1fe4b0
      size: 1107382
      isexec: true
    - path: digits_recognition/experimentation/modeling/behavioral_tests/
      hash: md5
      md5: a3f0fd5911b1bcc9c782e72548ef7634.dir
      size: 13491
      nfiles: 3
